// !$*UTF8*$!
{
	archiveVersion = 1;
	classes = {
	};
	objectVersion = 46;
	objects = {

/* Begin PBXBuildFile section */
		F48A99F01BE177FD0065E332 /* Main.storyboard in Resources */ = {isa = PBXBuildFile; fileRef = F48A99EF1BE177FD0065E332 /* Main.storyboard */; };
		F48A99F21BE17CEF0065E332 /* RecordedAudio.swift in Sources */ = {isa = PBXBuildFile; fileRef = F48A99F11BE17CEF0065E332 /* RecordedAudio.swift */; };
		F4B252BF1BE01FFA0049DC83 /* AppDelegate.swift in Sources */ = {isa = PBXBuildFile; fileRef = F4B252BE1BE01FFA0049DC83 /* AppDelegate.swift */; };
		F4B252C11BE01FFA0049DC83 /* RecordSoundsViewController.swift in Sources */ = {isa = PBXBuildFile; fileRef = F4B252C01BE01FFA0049DC83 /* RecordSoundsViewController.swift */; };
		F4B252C61BE01FFA0049DC83 /* Assets.xcassets in Resources */ = {isa = PBXBuildFile; fileRef = F4B252C51BE01FFA0049DC83 /* Assets.xcassets */; };
		F4B252C91BE01FFA0049DC83 /* LaunchScreen.storyboard in Resources */ = {isa = PBXBuildFile; fileRef = F4B252C71BE01FFA0049DC83 /* LaunchScreen.storyboard */; };
		F4FC08721BE13CC30056CBB5 /* PlaySoundsViewController.swift in Sources */ = {isa = PBXBuildFile; fileRef = F4FC08711BE13CC30056CBB5 /* PlaySoundsViewController.swift */; };
/* End PBXBuildFile section */

/* Begin PBXFileReference section */
		F48A99EF1BE177FD0065E332 /* Main.storyboard */ = {isa = PBXFileReference; fileEncoding = 4; lastKnownFileType = file.storyboard; path = Main.storyboard; sourceTree = "<group>"; };
		F48A99F11BE17CEF0065E332 /* RecordedAudio.swift */ = {isa = PBXFileReference; fileEncoding = 4; lastKnownFileType = sourcecode.swift; path = RecordedAudio.swift; sourceTree = "<group>"; };
		F4B252BB1BE01FFA0049DC83 /* Pitch Perfect.app */ = {isa = PBXFileReference; explicitFileType = wrapper.application; includeInIndex = 0; path = "Pitch Perfect.app"; sourceTree = BUILT_PRODUCTS_DIR; };
		F4B252BE1BE01FFA0049DC83 /* AppDelegate.swift */ = {isa = PBXFileReference; lastKnownFileType = sourcecode.swift; path = AppDelegate.swift; sourceTree = "<group>"; };
		F4B252C01BE01FFA0049DC83 /* RecordSoundsViewController.swift */ = {isa = PBXFileReference; lastKnownFileType = sourcecode.swift; path = RecordSoundsViewController.swift; sourceTree = "<group>"; };
		F4B252C51BE01FFA0049DC83 /* Assets.xcassets */ = {isa = PBXFileReference; lastKnownFileType = folder.assetcatalog; path = Assets.xcassets; sourceTree = "<group>"; };
		F4B252C81BE01FFA0049DC83 /* Base */ = {isa = PBXFileReference; lastKnownFileType = file.storyboard; name = Base; path = Base.lproj/LaunchScreen.storyboard; sourceTree = "<group>"; };
		F4B252CA1BE01FFA0049DC83 /* Info.plist */ = {isa = PBXFileReference; lastKnownFileType = text.plist.xml; path = Info.plist; sourceTree = "<group>"; };
		F4FC08711BE13CC30056CBB5 /* PlaySoundsViewController.swift */ = {isa = PBXFileReference; fileEncoding = 4; lastKnownFileType = sourcecode.swift; path = PlaySoundsViewController.swift; sourceTree = "<group>"; };
/* End PBXFileReference section */

/* Begin PBXFrameworksBuildPhase section */
		F4B252B81BE01FF90049DC83 /* Frameworks */ = {
			isa = PBXFrameworksBuildPhase;
			buildActionMask = 2147483647;
			files = (
			);
			runOnlyForDeploymentPostprocessing = 0;
		};
/* End PBXFrameworksBuildPhase section */

/* Begin PBXGroup section */
		F4B252B21BE01FF90049DC83 = {
			isa = PBXGroup;
			children = (
				F4B252BD1BE01FFA0049DC83 /* Pitch Perfect */,
				F4B252BC1BE01FFA0049DC83 /* Products */,
			);
			sourceTree = "<group>";
		};
		F4B252BC1BE01FFA0049DC83 /* Products */ = {
			isa = PBXGroup;
			children = (
				F4B252BB1BE01FFA0049DC83 /* Pitch Perfect.app */,
			);
			name = Products;
			sourceTree = "<group>";
		};
		F4B252BD1BE01FFA0049DC83 /* Pitch Perfect */ = {
			isa = PBXGroup;
			children = (
				F4B252BE1BE01FFA0049DC83 /* AppDelegate.swift */,
				F48A99EF1BE177FD0065E332 /* Main.storyboard */,
				F4B252C01BE01FFA0049DC83 /* RecordSoundsViewController.swift */,
				F48A99F11BE17CEF0065E332 /* RecordedAudio.swift */,
				F4FC08711BE13CC30056CBB5 /* PlaySoundsViewController.swift */,
				F4B252C51BE01FFA0049DC83 /* Assets.xcassets */,
				F4B252C71BE01FFA0049DC83 /* LaunchScreen.storyboard */,
				F4B252CA1BE01FFA0049DC83 /* Info.plist */,
			);
			path = "Pitch Perfect";
			sourceTree = "<group>";
		};
/* End PBXGroup section */

/* Begin PBXNativeTarget section */
		F4B252BA1BE01FF90049DC83 /* Pitch Perfect */ = {
			isa = PBXNativeTarget;
			buildConfigurationList = F4B252CD1BE01FFA0049DC83 /* Build configuration list for PBXNativeTarget "Pitch Perfect" */;
			buildPhases = (
				F4B252B71BE01FF90049DC83 /* Sources */,
				F4B252B81BE01FF90049DC83 /* Frameworks */,
				F4B252B91BE01FF90049DC83 /* Resources */,
			);
			buildRules = (
			);
			dependencies = (
			);
			name = "Pitch Perfect";
			productName = "Pitch Perfect";
			productReference = F4B252BB1BE01FFA0049DC83 /* Pitch Perfect.app */;
			productType = "com.apple.product-type.application";
		};
/* End PBXNativeTarget section */

/* Begin PBXProject section */
		F4B252B31BE01FF90049DC83 /* Project object */ = {
			isa = PBXProject;
			attributes = {
				LastSwiftUpdateCheck = 0710;
				LastUpgradeCheck = 0710;
				ORGANIZATIONNAME = "Timo Krall";
				TargetAttributes = {
					F4B252BA1BE01FF90049DC83 = {
						CreatedOnToolsVersion = 7.1;
						DevelopmentTeam = QLY7A9LSKQ;
					};
				};
			};
			buildConfigurationList = F4B252B61BE01FF90049DC83 /* Build configuration list for PBXProject "Pitch Perfect" */;
			compatibilityVersion = "Xcode 3.2";
			developmentRegion = English;
			hasScannedForEncodings = 0;
			knownRegions = (
				en,
				Base,
			);
			mainGroup = F4B252B21BE01FF90049DC83;
			productRefGroup = F4B252BC1BE01FFA0049DC83 /* Products */;
			projectDirPath = "";
			projectRoot = "";
			targets = (
				F4B252BA1BE01FF90049DC83 /* Pitch Perfect */,
			);
		};
/* End PBXProject section */

/* Begin PBXResourcesBuildPhase section */
		F4B252B91BE01FF90049DC83 /* Resources */ = {
			isa = PBXResourcesBuildPhase;
			buildActionMask = 2147483647;
			files = (
				F4B252C91BE01FFA0049DC83 /* LaunchScreen.storyboard in Resources */,
				F4B252C61BE01FFA0049DC83 /* Assets.xcassets in Resources */,
				F48A99F01BE177FD0065E332 /* Main.storyboard in Resources */,
			);
			runOnlyForDeploymentPostprocessing = 0;
		};
/* End PBXResourcesBuildPhase section */

/* Begin PBXSourcesBuildPhase section */
		F4B252B71BE01FF90049DC83 /* Sources */ = {
			isa = PBXSourcesBuildPhase;
			buildActionMask = 2147483647;
			files = (
				F48A99F21BE17CEF0065E332 /* RecordedAudio.swift in Sources */,
				F4B252C11BE01FFA0049DC83 /* RecordSoundsViewController.swift in Sources */,
				F4FC08721BE13CC30056CBB5 /* PlaySoundsViewController.swift in Sources */,
				F4B252BF1BE01FFA0049DC83 /* AppDelegate.swift in Sources */,
			);
			runOnlyForDeploymentPostprocessing = 0;
		};
/* End PBXSourcesBuildPhase section */

/* Begin PBXVariantGroup section */
		F4B252C71BE01FFA0049DC83 /* LaunchScreen.storyboard */ = {
			isa = PBXVariantGroup;
			children = (
				F4B252C81BE01FFA0049DC83 /* Base */,
			);
			name = LaunchScreen.storyboard;
			sourceTree = "<group>";
		};
/* End PBXVariantGroup section */

/* Begin XCBuildConfiguration section */
		F4B252CB1BE01FFA0049DC83 /* Debug */ = {
			isa = XCBuildConfiguration;
			buildSettings = {
				ALWAYS_SEARCH_USER_PATHS = NO;
				CLANG_CXX_LANGUAGE_STANDARD = "gnu++0x";
				CLANG_CXX_LIBRARY = "libc++";
				CLANG_ENABLE_MODULES = YES;
				CLANG_ENABLE_OBJC_ARC = YES;
				CLANG_WARN_BOOL_CONVERSION = YES;
				CLANG_WARN_CONSTANT_CONVERSION = YES;
				CLANG_WARN_DIRECT_OBJC_ISA_USAGE = YES_ERROR;
				CLANG_WARN_EMPTY_BODY = YES;
				CLANG_WARN_ENUM_CONVERSION = YES;
				CLANG_WARN_INT_CONVERSION = YES;
				CLANG_WARN_OBJC_ROOT_CLASS = YES_ERROR;
				CLANG_WARN_UNREACHABLE_CODE = YES;
				CLANG_WARN__DUPLICATE_METHOD_MATCH = YES;
				"CODE_SIGN_IDENTITY[sdk=iphoneos*]" = "iPhone Developer";
				COPY_PHASE_STRIP = NO;
				DEBUG_INFORMATION_FORMAT = dwarf;
				ENABLE_STRICT_OBJC_MSGSEND = YES;
				ENABLE_TESTABILITY = YES;
				GCC_C_LANGUAGE_STANDARD = gnu99;
				GCC_DYNAMIC_NO_PIC = NO;
				GCC_NO_COMMON_BLOCKS = YES;
				GCC_OPTIMIZATION_LEVEL = 0;
				GCC_PREPROCESSOR_DEFINITIONS = (
					"DEBUG=1",
					"$(inherited)",
				);
				GCC_WARN_64_TO_32_BIT_CONVERSION = YES;
				GCC_WARN_ABOUT_RETURN_TYPE = YES_ERROR;
				GCC_WARN_UNDECLARED_SELECTOR = YES;
				GCC_WARN_UNINITIALIZED_AUTOS = YES_AGGRESSIVE;
				GCC_WARN_UNUSED_FUNCTION = YES;
				GCC_WARN_UNUSED_VARIABLE = YES;
				IPHONEOS_DEPLOYMENT_TARGET = 9.1;
				MTL_ENABLE_DEBUG_INFO = YES;
				ONLY_ACTIVE_ARCH = YES;
				SDKROOT = iphoneos;
				SWIFT_OPTIMIZATION_LEVEL = "-Onone";
			};
			name = Debug;
		};
		F4B252CC1BE01FFA0049DC83 /* Release */ = {
			isa = XCBuildConfiguration;
			buildSettings = {
				ALWAYS_SEARCH_USER_PATHS = NO;
				CLANG_CXX_LANGUAGE_STANDARD = "gnu++0x";
				CLANG_CXX_LIBRARY = "libc++";
				CLANG_ENABLE_MODULES = YES;
				CLANG_ENABLE_OBJC_ARC = YES;
				CLANG_WARN_BOOL_CONVERSION = YES;
				CLANG_WARN_CONSTANT_CONVERSION = YES;
				CLANG_WARN_DIRECT_OBJC_ISA_USAGE = YES_ERROR;
				CLANG_WARN_EMPTY_BODY = YES;
				CLANG_WARN_ENUM_CONVERSION = YES;
				CLANG_WARN_INT_CONVERSION = YES;
				CLANG_WARN_OBJC_ROOT_CLASS = YES_ERROR;
				CLANG_WARN_UNREACHABLE_CODE = YES;
				CLANG_WARN__DUPLICATE_METHOD_MATCH = YES;
				"CODE_SIGN_IDENTITY[sdk=iphoneos*]" = "iPhone Developer";
				COPY_PHASE_STRIP = NO;
				DEBUG_INFORMATION_FORMAT = "dwarf-with-dsym";
				ENABLE_NS_ASSERTIONS = NO;
				ENABLE_STRICT_OBJC_MSGSEND = YES;
				GCC_C_LANGUAGE_STANDARD = gnu99;
				GCC_NO_COMMON_BLOCKS = YES;
				GCC_WARN_64_TO_32_BIT_CONVERSION = YES;
				GCC_WARN_ABOUT_RETURN_TYPE = YES_ERROR;
				GCC_WARN_UNDECLARED_SELECTOR = YES;
				GCC_WARN_UNINITIALIZED_AUTOS = YES_AGGRESSIVE;
				GCC_WARN_UNUSED_FUNCTION = YES;
				GCC_WARN_UNUSED_VARIABLE = YES;
				IPHONEOS_DEPLOYMENT_TARGET = 9.1;
				MTL_ENABLE_DEBUG_INFO = NO;
				SDKROOT = iphoneos;
				VALIDATE_PRODUCT = YES;
			};
			name = Release;
		};
		F4B252CE1BE01FFA0049DC83 /* Debug */ = {
			isa = XCBuildConfiguration;
			buildSettings = {
				ASSETCATALOG_COMPILER_APPICON_NAME = AppIcon;
				INFOPLIST_FILE = "Pitch Perfect/Info.plist";
				LD_RUNPATH_SEARCH_PATHS = "$(inherited) @executable_path/Frameworks";
				PRODUCT_BUNDLE_IDENTIFIER = "TK.Pitch-Perfect";
				PRODUCT_NAME = "$(TARGET_NAME)";
			};
			name = Debug;
		};
		F4B252CF1BE01FFA0049DC83 /* Release */ = {
			isa = XCBuildConfiguration;
			buildSettings = {
				ASSETCATALOG_COMPILER_APPICON_NAME = AppIcon;
				INFOPLIST_FILE = "Pitch Perfect/Info.plist";
				LD_RUNPATH_SEARCH_PATHS = "$(inherited) @executable_path/Frameworks";
				PRODUCT_BUNDLE_IDENTIFIER = "TK.Pitch-Perfect";
				PRODUCT_NAME = "$(TARGET_NAME)";
			};
			name = Release;
		};
/* End XCBuildConfiguration section */

/* Begin XCConfigurationList section */
		F4B252B61BE01FF90049DC83 /* Build configuration list for PBXProject "Pitch Perfect" */ = {
			isa = XCConfigurationList;
			buildConfigurations = (
				F4B252CB1BE01FFA0049DC83 /* Debug */,
				F4B252CC1BE01FFA0049DC83 /* Release */,
			);
			defaultConfigurationIsVisible = 0;
			defaultConfigurationName = Release;
		};
		F4B252CD1BE01FFA0049DC83 /* Build configuration list for PBXNativeTarget "Pitch Perfect" */ = {
			isa = XCConfigurationList;
			buildConfigurations = (
				F4B252CE1BE01FFA0049DC83 /* Debug */,
				F4B252CF1BE01FFA0049DC83 /* Release */,
			);
			defaultConfigurationIsVisible = 0;
			defaultConfigurationName = Release;
		};
/* End XCConfigurationList section */
	};
	rootObject = F4B252B31BE01FF90049DC83 /* Project object */;
}
